// !$*UTF8*$!
{
	archiveVersion = 1;
	classes = {
	};
	objectVersion = 46;
	objects = {

/* Begin PBXBuildFile section */
		7A0091A41C93C92D00757C49 /* AppDelegate.swift in Sources */ = {isa = PBXBuildFile; fileRef = 7A0091A31C93C92D00757C49 /* AppDelegate.swift */; };
		7A0091A61C93C92D00757C49 /* MapViewController.swift in Sources */ = {isa = PBXBuildFile; fileRef = 7A0091A51C93C92D00757C49 /* MapViewController.swift */; };
		7A0091A91C93C92D00757C49 /* Main.storyboard in Resources */ = {isa = PBXBuildFile; fileRef = 7A0091A71C93C92D00757C49 /* Main.storyboard */; };
		7A0091AB1C93C92D00757C49 /* Assets.xcassets in Resources */ = {isa = PBXBuildFile; fileRef = 7A0091AA1C93C92D00757C49 /* Assets.xcassets */; };
		7A0091AE1C93C92D00757C49 /* LaunchScreen.storyboard in Resources */ = {isa = PBXBuildFile; fileRef = 7A0091AC1C93C92D00757C49 /* LaunchScreen.storyboard */; };
		7A0091B61C965DE700757C49 /* PhotoAlbumViewController.swift in Sources */ = {isa = PBXBuildFile; fileRef = 7A0091B51C965DE700757C49 /* PhotoAlbumViewController.swift */; };
		7A51DB711CA5A72400A6A1FA /* PhotoCollectionViewCell.swift in Sources */ = {isa = PBXBuildFile; fileRef = 7A51DB701CA5A72400A6A1FA /* PhotoCollectionViewCell.swift */; };
		7A51DB731CA5B40C00A6A1FA /* FlickrClient.swift in Sources */ = {isa = PBXBuildFile; fileRef = 7A51DB721CA5B40C00A6A1FA /* FlickrClient.swift */; };
/* End PBXBuildFile section */

/* Begin PBXFileReference section */
		7A0091A01C93C92D00757C49 /* Virtual Tourist.app */ = {isa = PBXFileReference; explicitFileType = wrapper.application; includeInIndex = 0; path = "Virtual Tourist.app"; sourceTree = BUILT_PRODUCTS_DIR; };
		7A0091A31C93C92D00757C49 /* AppDelegate.swift */ = {isa = PBXFileReference; lastKnownFileType = sourcecode.swift; path = AppDelegate.swift; sourceTree = "<group>"; };
		7A0091A51C93C92D00757C49 /* MapViewController.swift */ = {isa = PBXFileReference; lastKnownFileType = sourcecode.swift; path = MapViewController.swift; sourceTree = "<group>"; };
		7A0091A81C93C92D00757C49 /* Base */ = {isa = PBXFileReference; lastKnownFileType = file.storyboard; name = Base; path = Base.lproj/Main.storyboard; sourceTree = "<group>"; };
		7A0091AA1C93C92D00757C49 /* Assets.xcassets */ = {isa = PBXFileReference; lastKnownFileType = folder.assetcatalog; path = Assets.xcassets; sourceTree = "<group>"; };
		7A0091AD1C93C92D00757C49 /* Base */ = {isa = PBXFileReference; lastKnownFileType = file.storyboard; name = Base; path = Base.lproj/LaunchScreen.storyboard; sourceTree = "<group>"; };
		7A0091AF1C93C92D00757C49 /* Info.plist */ = {isa = PBXFileReference; lastKnownFileType = text.plist.xml; path = Info.plist; sourceTree = "<group>"; };
		7A0091B51C965DE700757C49 /* PhotoAlbumViewController.swift */ = {isa = PBXFileReference; fileEncoding = 4; lastKnownFileType = sourcecode.swift; path = PhotoAlbumViewController.swift; sourceTree = "<group>"; };
		7A51DB701CA5A72400A6A1FA /* PhotoCollectionViewCell.swift */ = {isa = PBXFileReference; fileEncoding = 4; lastKnownFileType = sourcecode.swift; path = PhotoCollectionViewCell.swift; sourceTree = "<group>"; };
		7A51DB721CA5B40C00A6A1FA /* FlickrClient.swift */ = {isa = PBXFileReference; fileEncoding = 4; lastKnownFileType = sourcecode.swift; path = FlickrClient.swift; sourceTree = "<group>"; };
/* End PBXFileReference section */

/* Begin PBXFrameworksBuildPhase section */
		7A00919D1C93C92D00757C49 /* Frameworks */ = {
			isa = PBXFrameworksBuildPhase;
			buildActionMask = 2147483647;
			files = (
			);
			runOnlyForDeploymentPostprocessing = 0;
		};
/* End PBXFrameworksBuildPhase section */

/* Begin PBXGroup section */
		7A0091971C93C92D00757C49 = {
			isa = PBXGroup;
			children = (
				7A0091A21C93C92D00757C49 /* Virtual Tourist */,
				7A0091A11C93C92D00757C49 /* Products */,
			);
			sourceTree = "<group>";
		};
		7A0091A11C93C92D00757C49 /* Products */ = {
			isa = PBXGroup;
			children = (
				7A0091A01C93C92D00757C49 /* Virtual Tourist.app */,
			);
			name = Products;
			sourceTree = "<group>";
		};
		7A0091A21C93C92D00757C49 /* Virtual Tourist */ = {
			isa = PBXGroup;
			children = (
				7A0091A31C93C92D00757C49 /* AppDelegate.swift */,
				7A0091A51C93C92D00757C49 /* MapViewController.swift */,
				7A51DB721CA5B40C00A6A1FA /* FlickrClient.swift */,
				7A0091B51C965DE700757C49 /* PhotoAlbumViewController.swift */,
				7A0091A71C93C92D00757C49 /* Main.storyboard */,
				7A0091AA1C93C92D00757C49 /* Assets.xcassets */,
				7A0091AC1C93C92D00757C49 /* LaunchScreen.storyboard */,
				7A0091AF1C93C92D00757C49 /* Info.plist */,
				7A51DB701CA5A72400A6A1FA /* PhotoCollectionViewCell.swift */,
			);
			path = "Virtual Tourist";
			sourceTree = "<group>";
		};
/* End PBXGroup section */

/* Begin PBXNativeTarget section */
		7A00919F1C93C92D00757C49 /* Virtual Tourist */ = {
			isa = PBXNativeTarget;
			buildConfigurationList = 7A0091B21C93C92D00757C49 /* Build configuration list for PBXNativeTarget "Virtual Tourist" */;
			buildPhases = (
				7A00919C1C93C92D00757C49 /* Sources */,
				7A00919D1C93C92D00757C49 /* Frameworks */,
				7A00919E1C93C92D00757C49 /* Resources */,
			);
			buildRules = (
			);
			dependencies = (
			);
			name = "Virtual Tourist";
			productName = "Virtual Tourist";
			productReference = 7A0091A01C93C92D00757C49 /* Virtual Tourist.app */;
			productType = "com.apple.product-type.application";
		};
/* End PBXNativeTarget section */

/* Begin PBXProject section */
		7A0091981C93C92D00757C49 /* Project object */ = {
			isa = PBXProject;
			attributes = {
				LastSwiftUpdateCheck = 0730;
				LastUpgradeCheck = 0730;
				ORGANIZATIONNAME = MikeMiller;
				TargetAttributes = {
					7A00919F1C93C92D00757C49 = {
						CreatedOnToolsVersion = 7.3;
						DevelopmentTeam = GQ4LJ859T2;
					};
				};
			};
			buildConfigurationList = 7A00919B1C93C92D00757C49 /* Build configuration list for PBXProject "Virtual Tourist" */;
			compatibilityVersion = "Xcode 3.2";
			developmentRegion = English;
			hasScannedForEncodings = 0;
			knownRegions = (
				en,
				Base,
			);
			mainGroup = 7A0091971C93C92D00757C49;
			productRefGroup = 7A0091A11C93C92D00757C49 /* Products */;
			projectDirPath = "";
			projectRoot = "";
			targets = (
				7A00919F1C93C92D00757C49 /* Virtual Tourist */,
			);
		};
/* End PBXProject section */

/* Begin PBXResourcesBuildPhase section */
		7A00919E1C93C92D00757C49 /* Resources */ = {
			isa = PBXResourcesBuildPhase;
			buildActionMask = 2147483647;
			files = (
				7A0091AE1C93C92D00757C49 /* LaunchScreen.storyboard in Resources */,
				7A0091AB1C93C92D00757C49 /* Assets.xcassets in Resources */,
				7A0091A91C93C92D00757C49 /* Main.storyboard in Resources */,
			);
			runOnlyForDeploymentPostprocessing = 0;
		};
/* End PBXResourcesBuildPhase section */

/* Begin PBXSourcesBuildPhase section */
		7A00919C1C93C92D00757C49 /* Sources */ = {
			isa = PBXSourcesBuildPhase;
			buildActionMask = 2147483647;
			files = (
				7A0091A61C93C92D00757C49 /* MapViewController.swift in Sources */,
				7A51DB711CA5A72400A6A1FA /* PhotoCollectionViewCell.swift in Sources */,
				7A0091A41C93C92D00757C49 /* AppDelegate.swift in Sources */,
				7A51DB731CA5B40C00A6A1FA /* FlickrClient.swift in Sources */,
				7A0091B61C965DE700757C49 /* PhotoAlbumViewController.swift in Sources */,
			);
			runOnlyForDeploymentPostprocessing = 0;
		};
/* End PBXSourcesBuildPhase section */

/* Begin PBXVariantGroup section */
		7A0091A71C93C92D00757C49 /* Main.storyboard */ = {
			isa = PBXVariantGroup;
			children = (
				7A0091A81C93C92D00757C49 /* Base */,
			);
			name = Main.storyboard;
			sourceTree = "<group>";
		};
		7A0091AC1C93C92D00757C49 /* LaunchScreen.storyboard */ = {
			isa = PBXVariantGroup;
			children = (
				7A0091AD1C93C92D00757C49 /* Base */,
			);
			name = LaunchScreen.storyboard;
			sourceTree = "<group>";
		};
/* End PBXVariantGroup section */

/* Begin XCBuildConfiguration section */
		7A0091B01C93C92D00757C49 /* Debug */ = {
			isa = XCBuildConfiguration;
			buildSettings = {
				ALWAYS_SEARCH_USER_PATHS = NO;
				CLANG_CXX_LANGUAGE_STANDARD = "gnu++0x";
				CLANG_CXX_LIBRARY = "libc++";
				CLANG_ENABLE_MODULES = YES;
				CLANG_ENABLE_OBJC_ARC = YES;
				CLANG_WARN_BOOL_CONVERSION = YES;
				CLANG_WARN_CONSTANT_CONVERSION = YES;
				CLANG_WARN_DIRECT_OBJC_ISA_USAGE = YES_ERROR;
				CLANG_WARN_EMPTY_BODY = YES;
				CLANG_WARN_ENUM_CONVERSION = YES;
				CLANG_WARN_INT_CONVERSION = YES;
				CLANG_WARN_OBJC_ROOT_CLASS = YES_ERROR;
				CLANG_WARN_UNREACHABLE_CODE = YES;
				CLANG_WARN__DUPLICATE_METHOD_MATCH = YES;
				"CODE_SIGN_IDENTITY[sdk=iphoneos*]" = "iPhone Developer";
				COPY_PHASE_STRIP = NO;
				DEBUG_INFORMATION_FORMAT = dwarf;
				ENABLE_STRICT_OBJC_MSGSEND = YES;
				ENABLE_TESTABILITY = YES;
				GCC_C_LANGUAGE_STANDARD = gnu99;
				GCC_DYNAMIC_NO_PIC = NO;
				GCC_NO_COMMON_BLOCKS = YES;
				GCC_OPTIMIZATION_LEVEL = 0;
				GCC_PREPROCESSOR_DEFINITIONS = (
					"DEBUG=1",
					"$(inherited)",
				);
				GCC_WARN_64_TO_32_BIT_CONVERSION = YES;
				GCC_WARN_ABOUT_RETURN_TYPE = YES_ERROR;
				GCC_WARN_UNDECLARED_SELECTOR = YES;
				GCC_WARN_UNINITIALIZED_AUTOS = YES_AGGRESSIVE;
				GCC_WARN_UNUSED_FUNCTION = YES;
				GCC_WARN_UNUSED_VARIABLE = YES;
				IPHONEOS_DEPLOYMENT_TARGET = 9.3;
				MTL_ENABLE_DEBUG_INFO = YES;
				ONLY_ACTIVE_ARCH = YES;
				SDKROOT = iphoneos;
				SWIFT_OPTIMIZATION_LEVEL = "-Onone";
				TARGETED_DEVICE_FAMILY = "1,2";
			};
			name = Debug;
		};
		7A0091B11C93C92D00757C49 /* Release */ = {
			isa = XCBuildConfiguration;
			buildSettings = {
				ALWAYS_SEARCH_USER_PATHS = NO;
				CLANG_CXX_LANGUAGE_STANDARD = "gnu++0x";
				CLANG_CXX_LIBRARY = "libc++";
				CLANG_ENABLE_MODULES = YES;
				CLANG_ENABLE_OBJC_ARC = YES;
				CLANG_WARN_BOOL_CONVERSION = YES;
				CLANG_WARN_CONSTANT_CONVERSION = YES;
				CLANG_WARN_DIRECT_OBJC_ISA_USAGE = YES_ERROR;
				CLANG_WARN_EMPTY_BODY = YES;
				CLANG_WARN_ENUM_CONVERSION = YES;
				CLANG_WARN_INT_CONVERSION = YES;
				CLANG_WARN_OBJC_ROOT_CLASS = YES_ERROR;
				CLANG_WARN_UNREACHABLE_CODE = YES;
				CLANG_WARN__DUPLICATE_METHOD_MATCH = YES;
				"CODE_SIGN_IDENTITY[sdk=iphoneos*]" = "iPhone Developer";
				COPY_PHASE_STRIP = NO;
				DEBUG_INFORMATION_FORMAT = "dwarf-with-dsym";
				ENABLE_NS_ASSERTIONS = NO;
				ENABLE_STRICT_OBJC_MSGSEND = YES;
				GCC_C_LANGUAGE_STANDARD = gnu99;
				GCC_NO_COMMON_BLOCKS = YES;
				GCC_WARN_64_TO_32_BIT_CONVERSION = YES;
				GCC_WARN_ABOUT_RETURN_TYPE = YES_ERROR;
				GCC_WARN_UNDECLARED_SELECTOR = YES;
				GCC_WARN_UNINITIALIZED_AUTOS = YES_AGGRESSIVE;
				GCC_WARN_UNUSED_FUNCTION = YES;
				GCC_WARN_UNUSED_VARIABLE = YES;
				IPHONEOS_DEPLOYMENT_TARGET = 9.3;
				MTL_ENABLE_DEBUG_INFO = NO;
				SDKROOT = iphoneos;
				TARGETED_DEVICE_FAMILY = "1,2";
				VALIDATE_PRODUCT = YES;
			};
			name = Release;
		};
		7A0091B31C93C92D00757C49 /* Debug */ = {
			isa = XCBuildConfiguration;
			buildSettings = {
				ASSETCATALOG_COMPILER_APPICON_NAME = AppIcon;
				INFOPLIST_FILE = "Virtual Tourist/Info.plist";
				LD_RUNPATH_SEARCH_PATHS = "$(inherited) @executable_path/Frameworks";
				PRODUCT_BUNDLE_IDENTIFIER = "com.mikemiller.Virtual-Tourist";
				PRODUCT_NAME = "$(TARGET_NAME)";
			};
			name = Debug;
		};
		7A0091B41C93C92D00757C49 /* Release */ = {
			isa = XCBuildConfiguration;
			buildSettings = {
				ASSETCATALOG_COMPILER_APPICON_NAME = AppIcon;
				INFOPLIST_FILE = "Virtual Tourist/Info.plist";
				LD_RUNPATH_SEARCH_PATHS = "$(inherited) @executable_path/Frameworks";
				PRODUCT_BUNDLE_IDENTIFIER = "com.mikemiller.Virtual-Tourist";
				PRODUCT_NAME = "$(TARGET_NAME)";
			};
			name = Release;
		};
/* End XCBuildConfiguration section */

/* Begin XCConfigurationList section */
		7A00919B1C93C92D00757C49 /* Build configuration list for PBXProject "Virtual Tourist" */ = {
			isa = XCConfigurationList;
			buildConfigurations = (
				7A0091B01C93C92D00757C49 /* Debug */,
				7A0091B11C93C92D00757C49 /* Release */,
			);
			defaultConfigurationIsVisible = 0;
			defaultConfigurationName = Release;
		};
		7A0091B21C93C92D00757C49 /* Build configuration list for PBXNativeTarget "Virtual Tourist" */ = {
			isa = XCConfigurationList;
			buildConfigurations = (
				7A0091B31C93C92D00757C49 /* Debug */,
				7A0091B41C93C92D00757C49 /* Release */,
			);
			defaultConfigurationIsVisible = 0;
			defaultConfigurationName = Release;
		};
/* End XCConfigurationList section */
	};
	rootObject = 7A0091981C93C92D00757C49 /* Project object */;
}
